
Microsoft Visual Studio Solution File, Format Version 12.00
# Visual Studio Version 17
VisualStudioVersion = 17.14.36109.1 d17.14
MinimumVisualStudioVersion = 10.0.40219.1
Project("{FAE04EC0-301F-11D3-BF4B-00C04F79EFBC}") = "SignalingServer", "SignalingServer.csproj", "{0CBD48DA-E30C-A6DF-C1CC-0AE5A0DF845C}"
EndProject
Global
	GlobalSection(SolutionConfigurationPlatforms) = preSolution
		Debug|Any CPU = Debug|Any CPU
		Release|Any CPU = Release|Any CPU
	EndGlobalSection
	GlobalSection(ProjectConfigurationPlatforms) = postSolution
		{0CBD48DA-E30C-A6DF-C1CC-0AE5A0DF845C}.Debug|Any CPU.ActiveCfg = Debug|Any CPU
		{0CBD48DA-E30C-A6DF-C1CC-0AE5A0DF845C}.Debug|Any CPU.Build.0 = Debug|Any CPU
		{0CBD48DA-E30C-A6DF-C1CC-0AE5A0DF845C}.Release|Any CPU.ActiveCfg = Release|Any CPU
		{0CBD48DA-E30C-A6DF-C1CC-0AE5A0DF845C}.Release|Any CPU.Build.0 = Release|Any CPU
	EndGlobalSection
	GlobalSection(SolutionProperties) = preSolution
		HideSolutionNode = FALSE
	EndGlobalSection
	GlobalSection(ExtensibilityGlobals) = postSolution
		SolutionGuid = {7C24AEAE-6DFF-4BFF-BA01-FB5530F30D00}
	EndGlobalSection
EndGlobal
